
Microsoft Visual Studio Solution File, Format Version 12.00
# Visual Studio Version 16
VisualStudioVersion = 16.0.30907.101
MinimumVisualStudioVersion = 10.0.40219.1
Project("{FAE04EC0-301F-11D3-BF4B-00C04F79EFBC}") = "ONIT_Kursov_3", "ONIT_Kursov_3.csproj", "{773A6521-5168-4F56-81FC-7A7E0EFA6E0E}"
EndProject
Global
	GlobalSection(SolutionConfigurationPlatforms) = preSolution
		Debug|Any CPU = Debug|Any CPU
		Release|Any CPU = Release|Any CPU
	EndGlobalSection
	GlobalSection(ProjectConfigurationPlatforms) = postSolution
		{773A6521-5168-4F56-81FC-7A7E0EFA6E0E}.Debug|Any CPU.ActiveCfg = Debug|Any CPU
		{773A6521-5168-4F56-81FC-7A7E0EFA6E0E}.Debug|Any CPU.Build.0 = Debug|Any CPU
		{773A6521-5168-4F56-81FC-7A7E0EFA6E0E}.Release|Any CPU.ActiveCfg = Release|Any CPU
		{773A6521-5168-4F56-81FC-7A7E0EFA6E0E}.Release|Any CPU.Build.0 = Release|Any CPU
	EndGlobalSection
	GlobalSection(SolutionProperties) = preSolution
		HideSolutionNode = FALSE
	EndGlobalSection
	GlobalSection(ExtensibilityGlobals) = postSolution
		SolutionGuid = {BC03CD78-31E0-47DF-A59B-A3EC844B916E}
	EndGlobalSection
EndGlobal
